
Microsoft Visual Studio Solution File, Format Version 12.00
# Visual Studio 15
VisualStudioVersion = 15.0.27130.2026
MinimumVisualStudioVersion = 10.0.40219.1
Project("{FAE04EC0-301F-11D3-BF4B-00C04F79EFBC}") = "FlowerShopModel", "SnackBarModel\FlowerShopModel.csproj", "{28FF25B2-96C9-4EEC-B1D7-FA93CE20BC6B}"
EndProject
Project("{FAE04EC0-301F-11D3-BF4B-00C04F79EFBC}") = "FlowerShopService", "SnackBarService\FlowerShopService.csproj", "{147539BB-18F9-4D14-A8A0-8F9E6E41B6DA}"
EndProject
Project("{FAE04EC0-301F-11D3-BF4B-00C04F79EFBC}") = "FlowerShopView", "SnackBarView\FlowerShopView.csproj", "{AB4FD6EF-AFB9-40A9-B747-EFCE82D1E460}"
EndProject
Global
	GlobalSection(SolutionConfigurationPlatforms) = preSolution
		Debug|Any CPU = Debug|Any CPU
		Release|Any CPU = Release|Any CPU
	EndGlobalSection
	GlobalSection(ProjectConfigurationPlatforms) = postSolution
		{28FF25B2-96C9-4EEC-B1D7-FA93CE20BC6B}.Debug|Any CPU.ActiveCfg = Debug|Any CPU
		{28FF25B2-96C9-4EEC-B1D7-FA93CE20BC6B}.Debug|Any CPU.Build.0 = Debug|Any CPU
		{28FF25B2-96C9-4EEC-B1D7-FA93CE20BC6B}.Release|Any CPU.ActiveCfg = Release|Any CPU
		{28FF25B2-96C9-4EEC-B1D7-FA93CE20BC6B}.Release|Any CPU.Build.0 = Release|Any CPU
		{147539BB-18F9-4D14-A8A0-8F9E6E41B6DA}.Debug|Any CPU.ActiveCfg = Debug|Any CPU
		{147539BB-18F9-4D14-A8A0-8F9E6E41B6DA}.Debug|Any CPU.Build.0 = Debug|Any CPU
		{147539BB-18F9-4D14-A8A0-8F9E6E41B6DA}.Release|Any CPU.ActiveCfg = Release|Any CPU
		{147539BB-18F9-4D14-A8A0-8F9E6E41B6DA}.Release|Any CPU.Build.0 = Release|Any CPU
		{AB4FD6EF-AFB9-40A9-B747-EFCE82D1E460}.Debug|Any CPU.ActiveCfg = Debug|Any CPU
		{AB4FD6EF-AFB9-40A9-B747-EFCE82D1E460}.Debug|Any CPU.Build.0 = Debug|Any CPU
		{AB4FD6EF-AFB9-40A9-B747-EFCE82D1E460}.Release|Any CPU.ActiveCfg = Release|Any CPU
		{AB4FD6EF-AFB9-40A9-B747-EFCE82D1E460}.Release|Any CPU.Build.0 = Release|Any CPU
	EndGlobalSection
	GlobalSection(SolutionProperties) = preSolution
		HideSolutionNode = FALSE
	EndGlobalSection
	GlobalSection(ExtensibilityGlobals) = postSolution
		SolutionGuid = {28C37EFF-3F09-4CAF-B5E1-F366872F1E23}
	EndGlobalSection
EndGlobal
